
Microsoft Visual Studio Solution File, Format Version 12.00
# Visual Studio 2010
Project("{8BC9CEB8-8B4A-11D0-8D11-00A0C91BC942}") = "hello", "hello\hello.vcxproj", "{D3DEE619-C898-4879-8A3D-4961F0A17116}"
	ProjectSection(ProjectDependencies) = postProject
		{58C617DB-9A08-4066-999B-04DB739112C7} = {58C617DB-9A08-4066-999B-04DB739112C7}
	EndProjectSection
EndProject
Project("{8BC9CEB8-8B4A-11D0-8D11-00A0C91BC942}") = "common", "common\common.vcxproj", "{58C617DB-9A08-4066-999B-04DB739112C7}"
EndProject
Project("{8BC9CEB8-8B4A-11D0-8D11-00A0C91BC942}") = "hello2", "hello2\hello2.vcxproj", "{1887EBC0-8D23-4F53-8C86-46D993E1ADD7}"
EndProject
Project("{8BC9CEB8-8B4A-11D0-8D11-00A0C91BC942}") = "threads", "threads\threads.vcxproj", "{3992862D-5BA5-44D9-A8C8-954B2B0565A2}"
	ProjectSection(ProjectDependencies) = postProject
		{58C617DB-9A08-4066-999B-04DB739112C7} = {58C617DB-9A08-4066-999B-04DB739112C7}
	EndProjectSection
EndProject
Project("{8BC9CEB8-8B4A-11D0-8D11-00A0C91BC942}") = "EventHandler", "EventHandler\EventHandler.vcxproj", "{4148B8FA-F01D-4869-B003-7BFC071C5BB2}"
EndProject
Project("{8BC9CEB8-8B4A-11D0-8D11-00A0C91BC942}") = "windows", "windows\windows.vcxproj", "{EE334016-A9FE-4D30-9ACB-A3CD66218E23}"
EndProject
Project("{8BC9CEB8-8B4A-11D0-8D11-00A0C91BC942}") = "Win_Thread", "Win_Thread\Win_Thread.vcxproj", "{372FA74E-AA94-4AB3-8331-5257A29118DC}"
EndProject
Project("{2150E333-8FDC-42A3-9474-1A3956D46DE8}") = "LearnOSG", "LearnOSG", "{00807CAF-E793-4C54-BD83-237FF78FC796}"
EndProject
Project("{2150E333-8FDC-42A3-9474-1A3956D46DE8}") = "Lean02", "Lean02", "{E3047824-1231-4358-9879-E322F2B47F70}"
EndProject
Project("{2150E333-8FDC-42A3-9474-1A3956D46DE8}") = "LearnOpencv", "LearnOpencv", "{AE83A083-B969-4E86-95C2-791115ED8D99}"
EndProject
Project("{8BC9CEB8-8B4A-11D0-8D11-00A0C91BC942}") = "test01", "test01\test01\test01.vcxproj", "{73114D21-55D1-4307-A95C-2F66D109BF9D}"
EndProject
Project("{8BC9CEB8-8B4A-11D0-8D11-00A0C91BC942}") = "test_library", "test_library\test_library.vcxproj", "{D814A4EF-609C-4278-A425-A3C5844362EC}"
EndProject
Project("{8BC9CEB8-8B4A-11D0-8D11-00A0C91BC942}") = "library01", "library01\library01.vcxproj", "{6B84C266-50C3-4A80-A4B7-BC80C9928016}"
EndProject
Project("{8BC9CEB8-8B4A-11D0-8D11-00A0C91BC942}") = "library02", "library02\library02.vcxproj", "{9E6C227D-B91C-4B7A-BBCF-E68580E1A635}"
EndProject
Project("{8BC9CEB8-8B4A-11D0-8D11-00A0C91BC942}") = "library03", "library03\library03.vcxproj", "{C6619515-0DC7-482F-8F2E-113E36DE1AB9}"
EndProject
Global
	GlobalSection(SolutionConfigurationPlatforms) = preSolution
		Debug|Win32 = Debug|Win32
		Release|Win32 = Release|Win32
	EndGlobalSection
	GlobalSection(ProjectConfigurationPlatforms) = postSolution
		{D3DEE619-C898-4879-8A3D-4961F0A17116}.Debug|Win32.ActiveCfg = Debug|Win32
		{D3DEE619-C898-4879-8A3D-4961F0A17116}.Debug|Win32.Build.0 = Debug|Win32
		{D3DEE619-C898-4879-8A3D-4961F0A17116}.Release|Win32.ActiveCfg = Release|Win32
		{D3DEE619-C898-4879-8A3D-4961F0A17116}.Release|Win32.Build.0 = Release|Win32
		{58C617DB-9A08-4066-999B-04DB739112C7}.Debug|Win32.ActiveCfg = Debug|Win32
		{58C617DB-9A08-4066-999B-04DB739112C7}.Debug|Win32.Build.0 = Debug|Win32
		{58C617DB-9A08-4066-999B-04DB739112C7}.Release|Win32.ActiveCfg = Release|Win32
		{58C617DB-9A08-4066-999B-04DB739112C7}.Release|Win32.Build.0 = Release|Win32
		{1887EBC0-8D23-4F53-8C86-46D993E1ADD7}.Debug|Win32.ActiveCfg = Debug|Win32
		{1887EBC0-8D23-4F53-8C86-46D993E1ADD7}.Debug|Win32.Build.0 = Debug|Win32
		{1887EBC0-8D23-4F53-8C86-46D993E1ADD7}.Release|Win32.ActiveCfg = Release|Win32
		{1887EBC0-8D23-4F53-8C86-46D993E1ADD7}.Release|Win32.Build.0 = Release|Win32
		{3992862D-5BA5-44D9-A8C8-954B2B0565A2}.Debug|Win32.ActiveCfg = Debug|Win32
		{3992862D-5BA5-44D9-A8C8-954B2B0565A2}.Debug|Win32.Build.0 = Debug|Win32
		{3992862D-5BA5-44D9-A8C8-954B2B0565A2}.Release|Win32.ActiveCfg = Release|Win32
		{3992862D-5BA5-44D9-A8C8-954B2B0565A2}.Release|Win32.Build.0 = Release|Win32
		{4148B8FA-F01D-4869-B003-7BFC071C5BB2}.Debug|Win32.ActiveCfg = Debug|Win32
		{4148B8FA-F01D-4869-B003-7BFC071C5BB2}.Debug|Win32.Build.0 = Debug|Win32
		{4148B8FA-F01D-4869-B003-7BFC071C5BB2}.Release|Win32.ActiveCfg = Release|Win32
		{4148B8FA-F01D-4869-B003-7BFC071C5BB2}.Release|Win32.Build.0 = Release|Win32
		{EE334016-A9FE-4D30-9ACB-A3CD66218E23}.Debug|Win32.ActiveCfg = Debug|Win32
		{EE334016-A9FE-4D30-9ACB-A3CD66218E23}.Debug|Win32.Build.0 = Debug|Win32
		{EE334016-A9FE-4D30-9ACB-A3CD66218E23}.Release|Win32.ActiveCfg = Release|Win32
		{EE334016-A9FE-4D30-9ACB-A3CD66218E23}.Release|Win32.Build.0 = Release|Win32
		{372FA74E-AA94-4AB3-8331-5257A29118DC}.Debug|Win32.ActiveCfg = Debug|Win32
		{372FA74E-AA94-4AB3-8331-5257A29118DC}.Debug|Win32.Build.0 = Debug|Win32
		{372FA74E-AA94-4AB3-8331-5257A29118DC}.Release|Win32.ActiveCfg = Release|Win32
		{372FA74E-AA94-4AB3-8331-5257A29118DC}.Release|Win32.Build.0 = Release|Win32
		{73114D21-55D1-4307-A95C-2F66D109BF9D}.Debug|Win32.ActiveCfg = Debug|Win32
		{73114D21-55D1-4307-A95C-2F66D109BF9D}.Debug|Win32.Build.0 = Debug|Win32
		{73114D21-55D1-4307-A95C-2F66D109BF9D}.Release|Win32.ActiveCfg = Release|Win32
		{73114D21-55D1-4307-A95C-2F66D109BF9D}.Release|Win32.Build.0 = Release|Win32
		{D814A4EF-609C-4278-A425-A3C5844362EC}.Debug|Win32.ActiveCfg = Debug|Win32
		{D814A4EF-609C-4278-A425-A3C5844362EC}.Debug|Win32.Build.0 = Debug|Win32
		{D814A4EF-609C-4278-A425-A3C5844362EC}.Release|Win32.ActiveCfg = Release|Win32
		{D814A4EF-609C-4278-A425-A3C5844362EC}.Release|Win32.Build.0 = Release|Win32
		{6B84C266-50C3-4A80-A4B7-BC80C9928016}.Debug|Win32.ActiveCfg = Debug|Win32
		{6B84C266-50C3-4A80-A4B7-BC80C9928016}.Debug|Win32.Build.0 = Debug|Win32
		{6B84C266-50C3-4A80-A4B7-BC80C9928016}.Release|Win32.ActiveCfg = Release|Win32
		{6B84C266-50C3-4A80-A4B7-BC80C9928016}.Release|Win32.Build.0 = Release|Win32
		{9E6C227D-B91C-4B7A-BBCF-E68580E1A635}.Debug|Win32.ActiveCfg = Debug|Win32
		{9E6C227D-B91C-4B7A-BBCF-E68580E1A635}.Debug|Win32.Build.0 = Debug|Win32
		{9E6C227D-B91C-4B7A-BBCF-E68580E1A635}.Release|Win32.ActiveCfg = Release|Win32
		{9E6C227D-B91C-4B7A-BBCF-E68580E1A635}.Release|Win32.Build.0 = Release|Win32
		{C6619515-0DC7-482F-8F2E-113E36DE1AB9}.Debug|Win32.ActiveCfg = Debug|Win32
		{C6619515-0DC7-482F-8F2E-113E36DE1AB9}.Debug|Win32.Build.0 = Debug|Win32
		{C6619515-0DC7-482F-8F2E-113E36DE1AB9}.Release|Win32.ActiveCfg = Release|Win32
		{C6619515-0DC7-482F-8F2E-113E36DE1AB9}.Release|Win32.Build.0 = Release|Win32
	EndGlobalSection
	GlobalSection(SolutionProperties) = preSolution
		HideSolutionNode = FALSE
	EndGlobalSection
	GlobalSection(NestedProjects) = preSolution
		{58C617DB-9A08-4066-999B-04DB739112C7} = {00807CAF-E793-4C54-BD83-237FF78FC796}
		{1887EBC0-8D23-4F53-8C86-46D993E1ADD7} = {00807CAF-E793-4C54-BD83-237FF78FC796}
		{3992862D-5BA5-44D9-A8C8-954B2B0565A2} = {00807CAF-E793-4C54-BD83-237FF78FC796}
		{4148B8FA-F01D-4869-B003-7BFC071C5BB2} = {00807CAF-E793-4C54-BD83-237FF78FC796}
		{EE334016-A9FE-4D30-9ACB-A3CD66218E23} = {00807CAF-E793-4C54-BD83-237FF78FC796}
		{D3DEE619-C898-4879-8A3D-4961F0A17116} = {00807CAF-E793-4C54-BD83-237FF78FC796}
		{372FA74E-AA94-4AB3-8331-5257A29118DC} = {E3047824-1231-4358-9879-E322F2B47F70}
		{D814A4EF-609C-4278-A425-A3C5844362EC} = {E3047824-1231-4358-9879-E322F2B47F70}
		{6B84C266-50C3-4A80-A4B7-BC80C9928016} = {E3047824-1231-4358-9879-E322F2B47F70}
		{9E6C227D-B91C-4B7A-BBCF-E68580E1A635} = {E3047824-1231-4358-9879-E322F2B47F70}
		{C6619515-0DC7-482F-8F2E-113E36DE1AB9} = {E3047824-1231-4358-9879-E322F2B47F70}
		{73114D21-55D1-4307-A95C-2F66D109BF9D} = {AE83A083-B969-4E86-95C2-791115ED8D99}
	EndGlobalSection
EndGlobal
