
Microsoft Visual Studio Solution File, Format Version 12.00
# Visual Studio 2010
Project("{8BC9CEB8-8B4A-11D0-8D11-00A0C91BC942}") = "hello", "hello\hello.vcxproj", "{D3DEE619-C898-4879-8A3D-4961F0A17116}"
	ProjectSection(ProjectDependencies) = postProject
		{58C617DB-9A08-4066-999B-04DB739112C7} = {58C617DB-9A08-4066-999B-04DB739112C7}
	EndProjectSection
EndProject
Project("{8BC9CEB8-8B4A-11D0-8D11-00A0C91BC942}") = "common", "common\common.vcxproj", "{58C617DB-9A08-4066-999B-04DB739112C7}"
EndProject
Project("{8BC9CEB8-8B4A-11D0-8D11-00A0C91BC942}") = "hello2", "hello2\hello2.vcxproj", "{1887EBC0-8D23-4F53-8C86-46D993E1ADD7}"
EndProject
Project("{8BC9CEB8-8B4A-11D0-8D11-00A0C91BC942}") = "threads", "threads\threads.vcxproj", "{3992862D-5BA5-44D9-A8C8-954B2B0565A2}"
	ProjectSection(ProjectDependencies) = postProject
		{58C617DB-9A08-4066-999B-04DB739112C7} = {58C617DB-9A08-4066-999B-04DB739112C7}
	EndProjectSection
EndProject
Project("{8BC9CEB8-8B4A-11D0-8D11-00A0C91BC942}") = "EventHandler", "EventHandler\EventHandler.vcxproj", "{4148B8FA-F01D-4869-B003-7BFC071C5BB2}"
EndProject
Project("{8BC9CEB8-8B4A-11D0-8D11-00A0C91BC942}") = "windows", "windows\windows.vcxproj", "{EE334016-A9FE-4D30-9ACB-A3CD66218E23}"
EndProject
Project("{8BC9CEB8-8B4A-11D0-8D11-00A0C91BC942}") = "Win_Thread", "Win_Thread\Win_Thread.vcxproj", "{372FA74E-AA94-4AB3-8331-5257A29118DC}"
EndProject
Project("{2150E333-8FDC-42A3-9474-1A3956D46DE8}") = "LearnOSG", "LearnOSG", "{00807CAF-E793-4C54-BD83-237FF78FC796}"
EndProject
Project("{2150E333-8FDC-42A3-9474-1A3956D46DE8}") = "Lean_dynamic", "Lean_dynamic", "{E3047824-1231-4358-9879-E322F2B47F70}"
EndProject
Project("{2150E333-8FDC-42A3-9474-1A3956D46DE8}") = "LearnOpencv", "LearnOpencv", "{AE83A083-B969-4E86-95C2-791115ED8D99}"
EndProject
Project("{8BC9CEB8-8B4A-11D0-8D11-00A0C91BC942}") = "test01", "test01\test01\test01.vcxproj", "{73114D21-55D1-4307-A95C-2F66D109BF9D}"
EndProject
Project("{8BC9CEB8-8B4A-11D0-8D11-00A0C91BC942}") = "test_library", "test_library\test_library.vcxproj", "{D814A4EF-609C-4278-A425-A3C5844362EC}"
EndProject
Project("{8BC9CEB8-8B4A-11D0-8D11-00A0C91BC942}") = "library01", "library01\library01.vcxproj", "{6B84C266-50C3-4A80-A4B7-BC80C9928016}"
EndProject
Project("{8BC9CEB8-8B4A-11D0-8D11-00A0C91BC942}") = "library02", "library02\library02.vcxproj", "{9E6C227D-B91C-4B7A-BBCF-E68580E1A635}"
EndProject
Project("{8BC9CEB8-8B4A-11D0-8D11-00A0C91BC942}") = "library03", "library03\library03.vcxproj", "{C6619515-0DC7-482F-8F2E-113E36DE1AB9}"
EndProject
Project("{8BC9CEB8-8B4A-11D0-8D11-00A0C91BC942}") = "library04", "library04\library04.vcxproj", "{C9079108-0394-4281-B46C-6C93EDF30080}"
EndProject
Project("{8BC9CEB8-8B4A-11D0-8D11-00A0C91BC942}") = "LoadLibrary_static", "LoadLibrary_static\LoadLibrary_static.vcxproj", "{D730AF40-ABA8-442F-B460-BC36979940D5}"
	ProjectSection(ProjectDependencies) = postProject
		{C6619515-0DC7-482F-8F2E-113E36DE1AB9} = {C6619515-0DC7-482F-8F2E-113E36DE1AB9}
	EndProjectSection
EndProject
Project("{8BC9CEB8-8B4A-11D0-8D11-00A0C91BC942}") = "LoadLibrary_dynamic", "LoadLibrary_dynamic\LoadLibrary_dynamic.vcxproj", "{1793F077-D154-4C55-86CA-67BB88425AA6}"
	ProjectSection(ProjectDependencies) = postProject
		{C6619515-0DC7-482F-8F2E-113E36DE1AB9} = {C6619515-0DC7-482F-8F2E-113E36DE1AB9}
	EndProjectSection
EndProject
Project("{2150E333-8FDC-42A3-9474-1A3956D46DE8}") = "Learn_static", "Learn_static", "{DC91CE4C-BA8A-4BC4-AA2C-13D659AA5A4D}"
EndProject
Project("{8BC9CEB8-8B4A-11D0-8D11-00A0C91BC942}") = "staticLibrary1", "staticLibrary1\staticLibrary1.vcxproj", "{F4E83E89-ECA0-4E99-9750-90C5841A09C4}"
EndProject
Project("{8BC9CEB8-8B4A-11D0-8D11-00A0C91BC942}") = "LoadStaticLibrary", "LoadStaticLibrary\LoadStaticLibrary.vcxproj", "{25C0D1F9-A698-4F21-B6D2-C5BF97B7A173}"
EndProject
Project("{8BC9CEB8-8B4A-11D0-8D11-00A0C91BC942}") = "test02", "test02\test02.vcxproj", "{91AAF16C-DB75-49FA-921C-3A3708C5DF33}"
EndProject
Project("{2150E333-8FDC-42A3-9474-1A3956D46DE8}") = "LearnAssembly", "LearnAssembly", "{079CDCD0-D271-49ED-9ABB-480313759ACE}"
	ProjectSection(SolutionItems) = preProject
		readme.txt = readme.txt
	EndProjectSection
EndProject
Project("{8BC9CEB8-8B4A-11D0-8D11-00A0C91BC942}") = "nakedFunc", "nakedFunc\nakedFunc.vcxproj", "{DB270550-7FE4-4425-A6C7-434217A3F0B3}"
EndProject
Project("{2150E333-8FDC-42A3-9474-1A3956D46DE8}") = "LearnQT", "LearnQT", "{1F66159E-6B38-41E1-92AF-70EA71421453}"
EndProject
Project("{8BC9CEB8-8B4A-11D0-8D11-00A0C91BC942}") = "testString", "testString\testString.vcxproj", "{8A3FFA21-9538-4D79-8D18-A103BA028DA4}"
EndProject
Project("{8BC9CEB8-8B4A-11D0-8D11-00A0C91BC942}") = "pointer01", "pointer01\pointer01.vcxproj", "{B76229AB-6953-49F2-9154-B4EB97EC0C47}"
EndProject
Project("{8BC9CEB8-8B4A-11D0-8D11-00A0C91BC942}") = "testTranslator", "testTranslator\testTranslator.vcxproj", "{075B0AFE-A97D-3505-92DB-E6AFB674C4F9}"
EndProject
Project("{8BC9CEB8-8B4A-11D0-8D11-00A0C91BC942}") = "pointer02", "pointer02\pointer02.vcxproj", "{0A461B16-56C0-41EB-9FB2-846896FD0B75}"
EndProject
Project("{8BC9CEB8-8B4A-11D0-8D11-00A0C91BC942}") = "pointer7", "pointer7\pointer7.vcxproj", "{AFC5FD73-5A52-43D3-A41F-75BADA926169}"
EndProject
Project("{8BC9CEB8-8B4A-11D0-8D11-00A0C91BC942}") = "funciton", "funciton\funciton.vcxproj", "{1B724575-CC95-4D53-9B8C-7892A2DBE6A8}"
EndProject
Project("{8BC9CEB8-8B4A-11D0-8D11-00A0C91BC942}") = "struct", "struct\struct.vcxproj", "{84D4F45F-CEA6-401D-B62B-A228D8E02EBB}"
EndProject
Project("{8BC9CEB8-8B4A-11D0-8D11-00A0C91BC942}") = "DataStructure", "DataStructure\DataStructure.vcxproj", "{C9BA9857-3C38-452A-B9A1-32480799705E}"
EndProject
Project("{8BC9CEB8-8B4A-11D0-8D11-00A0C91BC942}") = "WideCharacter", "WideCharacter\WideCharacter.vcxproj", "{A259AEF0-CCE5-4D48-8676-F863A47DC283}"
EndProject
Project("{8BC9CEB8-8B4A-11D0-8D11-00A0C91BC942}") = "win32_chapter68", "win32_chapter68\win32_chapter68.vcxproj", "{D9418846-B3CE-4A42-8931-4F6448DE4C05}"
EndProject
Global
	GlobalSection(SolutionConfigurationPlatforms) = preSolution
		Debug|Win32 = Debug|Win32
		Release|Win32 = Release|Win32
	EndGlobalSection
	GlobalSection(ProjectConfigurationPlatforms) = postSolution
		{D3DEE619-C898-4879-8A3D-4961F0A17116}.Debug|Win32.ActiveCfg = Debug|Win32
		{D3DEE619-C898-4879-8A3D-4961F0A17116}.Debug|Win32.Build.0 = Debug|Win32
		{D3DEE619-C898-4879-8A3D-4961F0A17116}.Release|Win32.ActiveCfg = Release|Win32
		{D3DEE619-C898-4879-8A3D-4961F0A17116}.Release|Win32.Build.0 = Release|Win32
		{58C617DB-9A08-4066-999B-04DB739112C7}.Debug|Win32.ActiveCfg = Debug|Win32
		{58C617DB-9A08-4066-999B-04DB739112C7}.Debug|Win32.Build.0 = Debug|Win32
		{58C617DB-9A08-4066-999B-04DB739112C7}.Release|Win32.ActiveCfg = Release|Win32
		{58C617DB-9A08-4066-999B-04DB739112C7}.Release|Win32.Build.0 = Release|Win32
		{1887EBC0-8D23-4F53-8C86-46D993E1ADD7}.Debug|Win32.ActiveCfg = Debug|Win32
		{1887EBC0-8D23-4F53-8C86-46D993E1ADD7}.Debug|Win32.Build.0 = Debug|Win32
		{1887EBC0-8D23-4F53-8C86-46D993E1ADD7}.Release|Win32.ActiveCfg = Release|Win32
		{1887EBC0-8D23-4F53-8C86-46D993E1ADD7}.Release|Win32.Build.0 = Release|Win32
		{3992862D-5BA5-44D9-A8C8-954B2B0565A2}.Debug|Win32.ActiveCfg = Debug|Win32
		{3992862D-5BA5-44D9-A8C8-954B2B0565A2}.Debug|Win32.Build.0 = Debug|Win32
		{3992862D-5BA5-44D9-A8C8-954B2B0565A2}.Release|Win32.ActiveCfg = Release|Win32
		{3992862D-5BA5-44D9-A8C8-954B2B0565A2}.Release|Win32.Build.0 = Release|Win32
		{4148B8FA-F01D-4869-B003-7BFC071C5BB2}.Debug|Win32.ActiveCfg = Debug|Win32
		{4148B8FA-F01D-4869-B003-7BFC071C5BB2}.Debug|Win32.Build.0 = Debug|Win32
		{4148B8FA-F01D-4869-B003-7BFC071C5BB2}.Release|Win32.ActiveCfg = Release|Win32
		{4148B8FA-F01D-4869-B003-7BFC071C5BB2}.Release|Win32.Build.0 = Release|Win32
		{EE334016-A9FE-4D30-9ACB-A3CD66218E23}.Debug|Win32.ActiveCfg = Debug|Win32
		{EE334016-A9FE-4D30-9ACB-A3CD66218E23}.Debug|Win32.Build.0 = Debug|Win32
		{EE334016-A9FE-4D30-9ACB-A3CD66218E23}.Release|Win32.ActiveCfg = Release|Win32
		{EE334016-A9FE-4D30-9ACB-A3CD66218E23}.Release|Win32.Build.0 = Release|Win32
		{372FA74E-AA94-4AB3-8331-5257A29118DC}.Debug|Win32.ActiveCfg = Debug|Win32
		{372FA74E-AA94-4AB3-8331-5257A29118DC}.Debug|Win32.Build.0 = Debug|Win32
		{372FA74E-AA94-4AB3-8331-5257A29118DC}.Release|Win32.ActiveCfg = Release|Win32
		{372FA74E-AA94-4AB3-8331-5257A29118DC}.Release|Win32.Build.0 = Release|Win32
		{73114D21-55D1-4307-A95C-2F66D109BF9D}.Debug|Win32.ActiveCfg = Debug|Win32
		{73114D21-55D1-4307-A95C-2F66D109BF9D}.Debug|Win32.Build.0 = Debug|Win32
		{73114D21-55D1-4307-A95C-2F66D109BF9D}.Release|Win32.ActiveCfg = Release|Win32
		{73114D21-55D1-4307-A95C-2F66D109BF9D}.Release|Win32.Build.0 = Release|Win32
		{D814A4EF-609C-4278-A425-A3C5844362EC}.Debug|Win32.ActiveCfg = Debug|Win32
		{D814A4EF-609C-4278-A425-A3C5844362EC}.Debug|Win32.Build.0 = Debug|Win32
		{D814A4EF-609C-4278-A425-A3C5844362EC}.Release|Win32.ActiveCfg = Release|Win32
		{D814A4EF-609C-4278-A425-A3C5844362EC}.Release|Win32.Build.0 = Release|Win32
		{6B84C266-50C3-4A80-A4B7-BC80C9928016}.Debug|Win32.ActiveCfg = Debug|Win32
		{6B84C266-50C3-4A80-A4B7-BC80C9928016}.Debug|Win32.Build.0 = Debug|Win32
		{6B84C266-50C3-4A80-A4B7-BC80C9928016}.Release|Win32.ActiveCfg = Release|Win32
		{6B84C266-50C3-4A80-A4B7-BC80C9928016}.Release|Win32.Build.0 = Release|Win32
		{9E6C227D-B91C-4B7A-BBCF-E68580E1A635}.Debug|Win32.ActiveCfg = Debug|Win32
		{9E6C227D-B91C-4B7A-BBCF-E68580E1A635}.Debug|Win32.Build.0 = Debug|Win32
		{9E6C227D-B91C-4B7A-BBCF-E68580E1A635}.Release|Win32.ActiveCfg = Release|Win32
		{9E6C227D-B91C-4B7A-BBCF-E68580E1A635}.Release|Win32.Build.0 = Release|Win32
		{C6619515-0DC7-482F-8F2E-113E36DE1AB9}.Debug|Win32.ActiveCfg = Debug|Win32
		{C6619515-0DC7-482F-8F2E-113E36DE1AB9}.Debug|Win32.Build.0 = Debug|Win32
		{C6619515-0DC7-482F-8F2E-113E36DE1AB9}.Release|Win32.ActiveCfg = Release|Win32
		{C6619515-0DC7-482F-8F2E-113E36DE1AB9}.Release|Win32.Build.0 = Release|Win32
		{C9079108-0394-4281-B46C-6C93EDF30080}.Debug|Win32.ActiveCfg = Debug|Win32
		{C9079108-0394-4281-B46C-6C93EDF30080}.Debug|Win32.Build.0 = Debug|Win32
		{C9079108-0394-4281-B46C-6C93EDF30080}.Release|Win32.ActiveCfg = Release|Win32
		{C9079108-0394-4281-B46C-6C93EDF30080}.Release|Win32.Build.0 = Release|Win32
		{D730AF40-ABA8-442F-B460-BC36979940D5}.Debug|Win32.ActiveCfg = Debug|Win32
		{D730AF40-ABA8-442F-B460-BC36979940D5}.Debug|Win32.Build.0 = Debug|Win32
		{D730AF40-ABA8-442F-B460-BC36979940D5}.Release|Win32.ActiveCfg = Release|Win32
		{D730AF40-ABA8-442F-B460-BC36979940D5}.Release|Win32.Build.0 = Release|Win32
		{1793F077-D154-4C55-86CA-67BB88425AA6}.Debug|Win32.ActiveCfg = Debug|Win32
		{1793F077-D154-4C55-86CA-67BB88425AA6}.Debug|Win32.Build.0 = Debug|Win32
		{1793F077-D154-4C55-86CA-67BB88425AA6}.Release|Win32.ActiveCfg = Release|Win32
		{1793F077-D154-4C55-86CA-67BB88425AA6}.Release|Win32.Build.0 = Release|Win32
		{F4E83E89-ECA0-4E99-9750-90C5841A09C4}.Debug|Win32.ActiveCfg = Debug|Win32
		{F4E83E89-ECA0-4E99-9750-90C5841A09C4}.Debug|Win32.Build.0 = Debug|Win32
		{F4E83E89-ECA0-4E99-9750-90C5841A09C4}.Release|Win32.ActiveCfg = Release|Win32
		{F4E83E89-ECA0-4E99-9750-90C5841A09C4}.Release|Win32.Build.0 = Release|Win32
		{25C0D1F9-A698-4F21-B6D2-C5BF97B7A173}.Debug|Win32.ActiveCfg = Debug|Win32
		{25C0D1F9-A698-4F21-B6D2-C5BF97B7A173}.Debug|Win32.Build.0 = Debug|Win32
		{25C0D1F9-A698-4F21-B6D2-C5BF97B7A173}.Release|Win32.ActiveCfg = Release|Win32
		{25C0D1F9-A698-4F21-B6D2-C5BF97B7A173}.Release|Win32.Build.0 = Release|Win32
		{91AAF16C-DB75-49FA-921C-3A3708C5DF33}.Debug|Win32.ActiveCfg = Debug|Win32
		{91AAF16C-DB75-49FA-921C-3A3708C5DF33}.Debug|Win32.Build.0 = Debug|Win32
		{91AAF16C-DB75-49FA-921C-3A3708C5DF33}.Release|Win32.ActiveCfg = Release|Win32
		{91AAF16C-DB75-49FA-921C-3A3708C5DF33}.Release|Win32.Build.0 = Release|Win32
		{DB270550-7FE4-4425-A6C7-434217A3F0B3}.Debug|Win32.ActiveCfg = Debug|Win32
		{DB270550-7FE4-4425-A6C7-434217A3F0B3}.Debug|Win32.Build.0 = Debug|Win32
		{DB270550-7FE4-4425-A6C7-434217A3F0B3}.Release|Win32.ActiveCfg = Release|Win32
		{DB270550-7FE4-4425-A6C7-434217A3F0B3}.Release|Win32.Build.0 = Release|Win32
		{8A3FFA21-9538-4D79-8D18-A103BA028DA4}.Debug|Win32.ActiveCfg = Debug|Win32
		{8A3FFA21-9538-4D79-8D18-A103BA028DA4}.Debug|Win32.Build.0 = Debug|Win32
		{8A3FFA21-9538-4D79-8D18-A103BA028DA4}.Release|Win32.ActiveCfg = Release|Win32
		{8A3FFA21-9538-4D79-8D18-A103BA028DA4}.Release|Win32.Build.0 = Release|Win32
		{B76229AB-6953-49F2-9154-B4EB97EC0C47}.Debug|Win32.ActiveCfg = Debug|Win32
		{B76229AB-6953-49F2-9154-B4EB97EC0C47}.Debug|Win32.Build.0 = Debug|Win32
		{B76229AB-6953-49F2-9154-B4EB97EC0C47}.Release|Win32.ActiveCfg = Release|Win32
		{B76229AB-6953-49F2-9154-B4EB97EC0C47}.Release|Win32.Build.0 = Release|Win32
		{075B0AFE-A97D-3505-92DB-E6AFB674C4F9}.Debug|Win32.ActiveCfg = Debug|Win32
		{075B0AFE-A97D-3505-92DB-E6AFB674C4F9}.Debug|Win32.Build.0 = Debug|Win32
		{075B0AFE-A97D-3505-92DB-E6AFB674C4F9}.Release|Win32.ActiveCfg = Release|Win32
		{075B0AFE-A97D-3505-92DB-E6AFB674C4F9}.Release|Win32.Build.0 = Release|Win32
		{0A461B16-56C0-41EB-9FB2-846896FD0B75}.Debug|Win32.ActiveCfg = Debug|Win32
		{0A461B16-56C0-41EB-9FB2-846896FD0B75}.Debug|Win32.Build.0 = Debug|Win32
		{0A461B16-56C0-41EB-9FB2-846896FD0B75}.Release|Win32.ActiveCfg = Release|Win32
		{0A461B16-56C0-41EB-9FB2-846896FD0B75}.Release|Win32.Build.0 = Release|Win32
		{AFC5FD73-5A52-43D3-A41F-75BADA926169}.Debug|Win32.ActiveCfg = Debug|Win32
		{AFC5FD73-5A52-43D3-A41F-75BADA926169}.Debug|Win32.Build.0 = Debug|Win32
		{AFC5FD73-5A52-43D3-A41F-75BADA926169}.Release|Win32.ActiveCfg = Release|Win32
		{AFC5FD73-5A52-43D3-A41F-75BADA926169}.Release|Win32.Build.0 = Release|Win32
		{1B724575-CC95-4D53-9B8C-7892A2DBE6A8}.Debug|Win32.ActiveCfg = Debug|Win32
		{1B724575-CC95-4D53-9B8C-7892A2DBE6A8}.Debug|Win32.Build.0 = Debug|Win32
		{1B724575-CC95-4D53-9B8C-7892A2DBE6A8}.Release|Win32.ActiveCfg = Release|Win32
		{1B724575-CC95-4D53-9B8C-7892A2DBE6A8}.Release|Win32.Build.0 = Release|Win32
		{84D4F45F-CEA6-401D-B62B-A228D8E02EBB}.Debug|Win32.ActiveCfg = Debug|Win32
		{84D4F45F-CEA6-401D-B62B-A228D8E02EBB}.Debug|Win32.Build.0 = Debug|Win32
		{84D4F45F-CEA6-401D-B62B-A228D8E02EBB}.Release|Win32.ActiveCfg = Release|Win32
		{84D4F45F-CEA6-401D-B62B-A228D8E02EBB}.Release|Win32.Build.0 = Release|Win32
		{C9BA9857-3C38-452A-B9A1-32480799705E}.Debug|Win32.ActiveCfg = Debug|Win32
		{C9BA9857-3C38-452A-B9A1-32480799705E}.Debug|Win32.Build.0 = Debug|Win32
		{C9BA9857-3C38-452A-B9A1-32480799705E}.Release|Win32.ActiveCfg = Release|Win32
		{C9BA9857-3C38-452A-B9A1-32480799705E}.Release|Win32.Build.0 = Release|Win32
		{A259AEF0-CCE5-4D48-8676-F863A47DC283}.Debug|Win32.ActiveCfg = Debug|Win32
		{A259AEF0-CCE5-4D48-8676-F863A47DC283}.Debug|Win32.Build.0 = Debug|Win32
		{A259AEF0-CCE5-4D48-8676-F863A47DC283}.Release|Win32.ActiveCfg = Release|Win32
		{A259AEF0-CCE5-4D48-8676-F863A47DC283}.Release|Win32.Build.0 = Release|Win32
		{D9418846-B3CE-4A42-8931-4F6448DE4C05}.Debug|Win32.ActiveCfg = Debug|Win32
		{D9418846-B3CE-4A42-8931-4F6448DE4C05}.Debug|Win32.Build.0 = Debug|Win32
		{D9418846-B3CE-4A42-8931-4F6448DE4C05}.Release|Win32.ActiveCfg = Release|Win32
		{D9418846-B3CE-4A42-8931-4F6448DE4C05}.Release|Win32.Build.0 = Release|Win32
	EndGlobalSection
	GlobalSection(SolutionProperties) = preSolution
		HideSolutionNode = FALSE
	EndGlobalSection
	GlobalSection(NestedProjects) = preSolution
		{58C617DB-9A08-4066-999B-04DB739112C7} = {00807CAF-E793-4C54-BD83-237FF78FC796}
		{1887EBC0-8D23-4F53-8C86-46D993E1ADD7} = {00807CAF-E793-4C54-BD83-237FF78FC796}
		{3992862D-5BA5-44D9-A8C8-954B2B0565A2} = {00807CAF-E793-4C54-BD83-237FF78FC796}
		{4148B8FA-F01D-4869-B003-7BFC071C5BB2} = {00807CAF-E793-4C54-BD83-237FF78FC796}
		{EE334016-A9FE-4D30-9ACB-A3CD66218E23} = {00807CAF-E793-4C54-BD83-237FF78FC796}
		{D3DEE619-C898-4879-8A3D-4961F0A17116} = {00807CAF-E793-4C54-BD83-237FF78FC796}
		{372FA74E-AA94-4AB3-8331-5257A29118DC} = {E3047824-1231-4358-9879-E322F2B47F70}
		{D814A4EF-609C-4278-A425-A3C5844362EC} = {E3047824-1231-4358-9879-E322F2B47F70}
		{6B84C266-50C3-4A80-A4B7-BC80C9928016} = {E3047824-1231-4358-9879-E322F2B47F70}
		{9E6C227D-B91C-4B7A-BBCF-E68580E1A635} = {E3047824-1231-4358-9879-E322F2B47F70}
		{C6619515-0DC7-482F-8F2E-113E36DE1AB9} = {E3047824-1231-4358-9879-E322F2B47F70}
		{C9079108-0394-4281-B46C-6C93EDF30080} = {E3047824-1231-4358-9879-E322F2B47F70}
		{D730AF40-ABA8-442F-B460-BC36979940D5} = {E3047824-1231-4358-9879-E322F2B47F70}
		{1793F077-D154-4C55-86CA-67BB88425AA6} = {E3047824-1231-4358-9879-E322F2B47F70}
		{73114D21-55D1-4307-A95C-2F66D109BF9D} = {AE83A083-B969-4E86-95C2-791115ED8D99}
		{91AAF16C-DB75-49FA-921C-3A3708C5DF33} = {AE83A083-B969-4E86-95C2-791115ED8D99}
		{F4E83E89-ECA0-4E99-9750-90C5841A09C4} = {DC91CE4C-BA8A-4BC4-AA2C-13D659AA5A4D}
		{25C0D1F9-A698-4F21-B6D2-C5BF97B7A173} = {DC91CE4C-BA8A-4BC4-AA2C-13D659AA5A4D}
		{DB270550-7FE4-4425-A6C7-434217A3F0B3} = {079CDCD0-D271-49ED-9ABB-480313759ACE}
		{B76229AB-6953-49F2-9154-B4EB97EC0C47} = {079CDCD0-D271-49ED-9ABB-480313759ACE}
		{0A461B16-56C0-41EB-9FB2-846896FD0B75} = {079CDCD0-D271-49ED-9ABB-480313759ACE}
		{AFC5FD73-5A52-43D3-A41F-75BADA926169} = {079CDCD0-D271-49ED-9ABB-480313759ACE}
		{1B724575-CC95-4D53-9B8C-7892A2DBE6A8} = {079CDCD0-D271-49ED-9ABB-480313759ACE}
		{84D4F45F-CEA6-401D-B62B-A228D8E02EBB} = {079CDCD0-D271-49ED-9ABB-480313759ACE}
		{C9BA9857-3C38-452A-B9A1-32480799705E} = {079CDCD0-D271-49ED-9ABB-480313759ACE}
		{A259AEF0-CCE5-4D48-8676-F863A47DC283} = {079CDCD0-D271-49ED-9ABB-480313759ACE}
		{D9418846-B3CE-4A42-8931-4F6448DE4C05} = {079CDCD0-D271-49ED-9ABB-480313759ACE}
		{8A3FFA21-9538-4D79-8D18-A103BA028DA4} = {1F66159E-6B38-41E1-92AF-70EA71421453}
		{075B0AFE-A97D-3505-92DB-E6AFB674C4F9} = {1F66159E-6B38-41E1-92AF-70EA71421453}
	EndGlobalSection
EndGlobal
