
Microsoft Visual Studio Solution File, Format Version 11.00
# Visual Studio 2010
Project("{8BC9CEB8-8B4A-11D0-8D11-00A0C91BC942}") = "console", "console\console.vcxproj", "{70AA6ADF-F351-457B-9651-527FAFFF916B}"
EndProject
Project("{8BC9CEB8-8B4A-11D0-8D11-00A0C91BC942}") = "dialog", "dialog\dialog.vcxproj", "{5C562FC2-20ED-48D1-B17C-AC86C1D906D3}"
EndProject
Project("{8BC9CEB8-8B4A-11D0-8D11-00A0C91BC942}") = "mainwindow", "mainwindow\mainwindow.vcxproj", "{C38F77DF-7269-4209-9081-A7EA4873AD02}"
EndProject
Global
	GlobalSection(SolutionConfigurationPlatforms) = preSolution
		Debug|Win32 = Debug|Win32
		Release|Win32 = Release|Win32
	EndGlobalSection
	GlobalSection(ProjectConfigurationPlatforms) = postSolution
		{70AA6ADF-F351-457B-9651-527FAFFF916B}.Debug|Win32.ActiveCfg = Debug|Win32
		{70AA6ADF-F351-457B-9651-527FAFFF916B}.Debug|Win32.Build.0 = Debug|Win32
		{70AA6ADF-F351-457B-9651-527FAFFF916B}.Release|Win32.ActiveCfg = Release|Win32
		{70AA6ADF-F351-457B-9651-527FAFFF916B}.Release|Win32.Build.0 = Release|Win32
		{5C562FC2-20ED-48D1-B17C-AC86C1D906D3}.Debug|Win32.ActiveCfg = Debug|Win32
		{5C562FC2-20ED-48D1-B17C-AC86C1D906D3}.Debug|Win32.Build.0 = Debug|Win32
		{5C562FC2-20ED-48D1-B17C-AC86C1D906D3}.Release|Win32.ActiveCfg = Release|Win32
		{5C562FC2-20ED-48D1-B17C-AC86C1D906D3}.Release|Win32.Build.0 = Release|Win32
		{C38F77DF-7269-4209-9081-A7EA4873AD02}.Debug|Win32.ActiveCfg = Debug|Win32
		{C38F77DF-7269-4209-9081-A7EA4873AD02}.Debug|Win32.Build.0 = Debug|Win32
		{C38F77DF-7269-4209-9081-A7EA4873AD02}.Release|Win32.ActiveCfg = Release|Win32
		{C38F77DF-7269-4209-9081-A7EA4873AD02}.Release|Win32.Build.0 = Release|Win32
	EndGlobalSection
	GlobalSection(SolutionProperties) = preSolution
		HideSolutionNode = FALSE
	EndGlobalSection
EndGlobal
